// !$*UTF8*$!
{
	archiveVersion = 1;
	classes = {
	};
	objectVersion = 48;
	objects = {

/* Begin PBXBuildFile section */
		965613E41FA2E1FF0015D31E /* AppDelegate.m in Sources */ = {isa = PBXBuildFile; fileRef = 965613E31FA2E1FF0015D31E /* AppDelegate.m */; };
		965613E71FA2E1FF0015D31E /* ViewController.m in Sources */ = {isa = PBXBuildFile; fileRef = 965613E61FA2E1FF0015D31E /* ViewController.m */; };
		965613EA1FA2E1FF0015D31E /* Main.storyboard in Resources */ = {isa = PBXBuildFile; fileRef = 965613E81FA2E1FF0015D31E /* Main.storyboard */; };
		965613EC1FA2E1FF0015D31E /* Assets.xcassets in Resources */ = {isa = PBXBuildFile; fileRef = 965613EB1FA2E1FF0015D31E /* Assets.xcassets */; };
		965613EF1FA2E1FF0015D31E /* LaunchScreen.storyboard in Resources */ = {isa = PBXBuildFile; fileRef = 965613ED1FA2E1FF0015D31E /* LaunchScreen.storyboard */; };
		965613F21FA2E1FF0015D31E /* main.m in Sources */ = {isa = PBXBuildFile; fileRef = 965613F11FA2E1FF0015D31E /* main.m */; };
		9667FA641FA3256A00B0617E /* BaseRenderer.m in Sources */ = {isa = PBXBuildFile; fileRef = 9667FA541FA3256A00B0617E /* BaseRenderer.m */; };
		9667FA651FA3256A00B0617E /* BrushRenderer.m in Sources */ = {isa = PBXBuildFile; fileRef = 9667FA571FA3256A00B0617E /* BrushRenderer.m */; };
		9667FA661FA3256A00B0617E /* point.fsh in Resources */ = {isa = PBXBuildFile; fileRef = 9667FA581FA3256A00B0617E /* point.fsh */; };
		9667FA671FA3256A00B0617E /* point.vsh in Resources */ = {isa = PBXBuildFile; fileRef = 9667FA591FA3256A00B0617E /* point.vsh */; };
		9667FA681FA3256A00B0617E /* GLKitHelper.m in Sources */ = {isa = PBXBuildFile; fileRef = 9667FA5C1FA3256A00B0617E /* GLKitHelper.m */; };
		9667FA691FA3256A00B0617E /* GLKitView.m in Sources */ = {isa = PBXBuildFile; fileRef = 9667FA5E1FA3256A00B0617E /* GLKitView.m */; };
		9667FA6A1FA3256A00B0617E /* Particle.m in Sources */ = {isa = PBXBuildFile; fileRef = 9667FA611FA3256A00B0617E /* Particle.m */; };
		9667FA6B1FA3256A00B0617E /* Particle.png in Resources */ = {isa = PBXBuildFile; fileRef = 9667FA631FA3256A00B0617E /* Particle.png */; };
/* End PBXBuildFile section */

/* Begin PBXFileReference section */
		965613DF1FA2E1FF0015D31E /* WordArtProject.app */ = {isa = PBXFileReference; explicitFileType = wrapper.application; includeInIndex = 0; path = WordArtProject.app; sourceTree = BUILT_PRODUCTS_DIR; };
		965613E21FA2E1FF0015D31E /* AppDelegate.h */ = {isa = PBXFileReference; lastKnownFileType = sourcecode.c.h; path = AppDelegate.h; sourceTree = "<group>"; };
		965613E31FA2E1FF0015D31E /* AppDelegate.m */ = {isa = PBXFileReference; lastKnownFileType = sourcecode.c.objc; path = AppDelegate.m; sourceTree = "<group>"; };
		965613E51FA2E1FF0015D31E /* ViewController.h */ = {isa = PBXFileReference; lastKnownFileType = sourcecode.c.h; path = ViewController.h; sourceTree = "<group>"; };
		965613E61FA2E1FF0015D31E /* ViewController.m */ = {isa = PBXFileReference; lastKnownFileType = sourcecode.c.objc; path = ViewController.m; sourceTree = "<group>"; };
		965613E91FA2E1FF0015D31E /* Base */ = {isa = PBXFileReference; lastKnownFileType = file.storyboard; name = Base; path = Base.lproj/Main.storyboard; sourceTree = "<group>"; };
		965613EB1FA2E1FF0015D31E /* Assets.xcassets */ = {isa = PBXFileReference; lastKnownFileType = folder.assetcatalog; path = Assets.xcassets; sourceTree = "<group>"; };
		965613EE1FA2E1FF0015D31E /* Base */ = {isa = PBXFileReference; lastKnownFileType = file.storyboard; name = Base; path = Base.lproj/LaunchScreen.storyboard; sourceTree = "<group>"; };
		965613F01FA2E1FF0015D31E /* Info.plist */ = {isa = PBXFileReference; lastKnownFileType = text.plist.xml; path = Info.plist; sourceTree = "<group>"; };
		965613F11FA2E1FF0015D31E /* main.m */ = {isa = PBXFileReference; lastKnownFileType = sourcecode.c.objc; path = main.m; sourceTree = "<group>"; };
		9667FA531FA3256A00B0617E /* BaseRenderer.h */ = {isa = PBXFileReference; fileEncoding = 4; lastKnownFileType = sourcecode.c.h; path = BaseRenderer.h; sourceTree = "<group>"; };
		9667FA541FA3256A00B0617E /* BaseRenderer.m */ = {isa = PBXFileReference; fileEncoding = 4; lastKnownFileType = sourcecode.c.objc; path = BaseRenderer.m; sourceTree = "<group>"; };
		9667FA561FA3256A00B0617E /* BrushRenderer.h */ = {isa = PBXFileReference; fileEncoding = 4; lastKnownFileType = sourcecode.c.h; path = BrushRenderer.h; sourceTree = "<group>"; };
		9667FA571FA3256A00B0617E /* BrushRenderer.m */ = {isa = PBXFileReference; fileEncoding = 4; lastKnownFileType = sourcecode.c.objc; path = BrushRenderer.m; sourceTree = "<group>"; };
		9667FA581FA3256A00B0617E /* point.fsh */ = {isa = PBXFileReference; fileEncoding = 4; lastKnownFileType = sourcecode.glsl; path = point.fsh; sourceTree = "<group>"; };
		9667FA591FA3256A00B0617E /* point.vsh */ = {isa = PBXFileReference; fileEncoding = 4; lastKnownFileType = sourcecode.glsl; path = point.vsh; sourceTree = "<group>"; };
		9667FA5B1FA3256A00B0617E /* GLKitHelper.h */ = {isa = PBXFileReference; fileEncoding = 4; lastKnownFileType = sourcecode.c.h; path = GLKitHelper.h; sourceTree = "<group>"; };
		9667FA5C1FA3256A00B0617E /* GLKitHelper.m */ = {isa = PBXFileReference; fileEncoding = 4; lastKnownFileType = sourcecode.c.objc; path = GLKitHelper.m; sourceTree = "<group>"; };
		9667FA5D1FA3256A00B0617E /* GLKitView.h */ = {isa = PBXFileReference; fileEncoding = 4; lastKnownFileType = sourcecode.c.h; path = GLKitView.h; sourceTree = "<group>"; };
		9667FA5E1FA3256A00B0617E /* GLKitView.m */ = {isa = PBXFileReference; fileEncoding = 4; lastKnownFileType = sourcecode.c.objc; path = GLKitView.m; sourceTree = "<group>"; };
		9667FA601FA3256A00B0617E /* Particle.h */ = {isa = PBXFileReference; fileEncoding = 4; lastKnownFileType = sourcecode.c.h; path = Particle.h; sourceTree = "<group>"; };
		9667FA611FA3256A00B0617E /* Particle.m */ = {isa = PBXFileReference; fileEncoding = 4; lastKnownFileType = sourcecode.c.objc; path = Particle.m; sourceTree = "<group>"; };
		9667FA631FA3256A00B0617E /* Particle.png */ = {isa = PBXFileReference; lastKnownFileType = image.png; path = Particle.png; sourceTree = "<group>"; };
/* End PBXFileReference section */

/* Begin PBXFrameworksBuildPhase section */
		965613DC1FA2E1FF0015D31E /* Frameworks */ = {
			isa = PBXFrameworksBuildPhase;
			buildActionMask = 2147483647;
			files = (
			);
			runOnlyForDeploymentPostprocessing = 0;
		};
/* End PBXFrameworksBuildPhase section */

/* Begin PBXGroup section */
		965613D61FA2E1FF0015D31E = {
			isa = PBXGroup;
			children = (
				965613E11FA2E1FF0015D31E /* WordArtProject */,
				965613E01FA2E1FF0015D31E /* Products */,
			);
			sourceTree = "<group>";
		};
		965613E01FA2E1FF0015D31E /* Products */ = {
			isa = PBXGroup;
			children = (
				965613DF1FA2E1FF0015D31E /* WordArtProject.app */,
			);
			name = Products;
			sourceTree = "<group>";
		};
		965613E11FA2E1FF0015D31E /* WordArtProject */ = {
			isa = PBXGroup;
			children = (
				9667FA521FA3256A00B0617E /* Kit */,
				9667FA621FA3256A00B0617E /* Resource */,
				965613E21FA2E1FF0015D31E /* AppDelegate.h */,
				965613E31FA2E1FF0015D31E /* AppDelegate.m */,
				965613E51FA2E1FF0015D31E /* ViewController.h */,
				965613E61FA2E1FF0015D31E /* ViewController.m */,
				965613E81FA2E1FF0015D31E /* Main.storyboard */,
				965613EB1FA2E1FF0015D31E /* Assets.xcassets */,
				965613ED1FA2E1FF0015D31E /* LaunchScreen.storyboard */,
				965613F01FA2E1FF0015D31E /* Info.plist */,
				965613F11FA2E1FF0015D31E /* main.m */,
			);
			path = WordArtProject;
			sourceTree = "<group>";
		};
		9667FA521FA3256A00B0617E /* Kit */ = {
			isa = PBXGroup;
			children = (
				9667FA531FA3256A00B0617E /* BaseRenderer.h */,
				9667FA541FA3256A00B0617E /* BaseRenderer.m */,
				9667FA551FA3256A00B0617E /* Brush */,
				9667FA5A1FA3256A00B0617E /* Common */,
				9667FA5F1FA3256A00B0617E /* Particle */,
			);
			path = Kit;
			sourceTree = "<group>";
		};
		9667FA551FA3256A00B0617E /* Brush */ = {
			isa = PBXGroup;
			children = (
				9667FA561FA3256A00B0617E /* BrushRenderer.h */,
				9667FA571FA3256A00B0617E /* BrushRenderer.m */,
				9667FA581FA3256A00B0617E /* point.fsh */,
				9667FA591FA3256A00B0617E /* point.vsh */,
			);
			path = Brush;
			sourceTree = "<group>";
		};
		9667FA5A1FA3256A00B0617E /* Common */ = {
			isa = PBXGroup;
			children = (
				9667FA5B1FA3256A00B0617E /* GLKitHelper.h */,
				9667FA5C1FA3256A00B0617E /* GLKitHelper.m */,
				9667FA5D1FA3256A00B0617E /* GLKitView.h */,
				9667FA5E1FA3256A00B0617E /* GLKitView.m */,
			);
			path = Common;
			sourceTree = "<group>";
		};
		9667FA5F1FA3256A00B0617E /* Particle */ = {
			isa = PBXGroup;
			children = (
				9667FA601FA3256A00B0617E /* Particle.h */,
				9667FA611FA3256A00B0617E /* Particle.m */,
			);
			path = Particle;
			sourceTree = "<group>";
		};
		9667FA621FA3256A00B0617E /* Resource */ = {
			isa = PBXGroup;
			children = (
				9667FA631FA3256A00B0617E /* Particle.png */,
			);
			path = Resource;
			sourceTree = "<group>";
		};
/* End PBXGroup section */

/* Begin PBXNativeTarget section */
		965613DE1FA2E1FF0015D31E /* WordArtProject */ = {
			isa = PBXNativeTarget;
			buildConfigurationList = 965613F51FA2E1FF0015D31E /* Build configuration list for PBXNativeTarget "WordArtProject" */;
			buildPhases = (
				965613DB1FA2E1FF0015D31E /* Sources */,
				965613DC1FA2E1FF0015D31E /* Frameworks */,
				965613DD1FA2E1FF0015D31E /* Resources */,
			);
			buildRules = (
			);
			dependencies = (
			);
			name = WordArtProject;
			productName = WordArtProject;
			productReference = 965613DF1FA2E1FF0015D31E /* WordArtProject.app */;
			productType = "com.apple.product-type.application";
		};
/* End PBXNativeTarget section */

/* Begin PBXProject section */
		965613D71FA2E1FF0015D31E /* Project object */ = {
			isa = PBXProject;
			attributes = {
				LastUpgradeCheck = 0900;
				ORGANIZATIONNAME = richsjeson;
				TargetAttributes = {
					965613DE1FA2E1FF0015D31E = {
						CreatedOnToolsVersion = 9.0;
						ProvisioningStyle = Automatic;
					};
				};
			};
			buildConfigurationList = 965613DA1FA2E1FF0015D31E /* Build configuration list for PBXProject "WordArtProject" */;
			compatibilityVersion = "Xcode 8.0";
			developmentRegion = en;
			hasScannedForEncodings = 0;
			knownRegions = (
				en,
				Base,
			);
			mainGroup = 965613D61FA2E1FF0015D31E;
			productRefGroup = 965613E01FA2E1FF0015D31E /* Products */;
			projectDirPath = "";
			projectRoot = "";
			targets = (
				965613DE1FA2E1FF0015D31E /* WordArtProject */,
			);
		};
/* End PBXProject section */

/* Begin PBXResourcesBuildPhase section */
		965613DD1FA2E1FF0015D31E /* Resources */ = {
			isa = PBXResourcesBuildPhase;
			buildActionMask = 2147483647;
			files = (
				965613EF1FA2E1FF0015D31E /* LaunchScreen.storyboard in Resources */,
				9667FA6B1FA3256A00B0617E /* Particle.png in Resources */,
				965613EC1FA2E1FF0015D31E /* Assets.xcassets in Resources */,
				9667FA671FA3256A00B0617E /* point.vsh in Resources */,
				9667FA661FA3256A00B0617E /* point.fsh in Resources */,
				965613EA1FA2E1FF0015D31E /* Main.storyboard in Resources */,
			);
			runOnlyForDeploymentPostprocessing = 0;
		};
/* End PBXResourcesBuildPhase section */

/* Begin PBXSourcesBuildPhase section */
		965613DB1FA2E1FF0015D31E /* Sources */ = {
			isa = PBXSourcesBuildPhase;
			buildActionMask = 2147483647;
			files = (
				965613E71FA2E1FF0015D31E /* ViewController.m in Sources */,
				9667FA6A1FA3256A00B0617E /* Particle.m in Sources */,
				965613F21FA2E1FF0015D31E /* main.m in Sources */,
				965613E41FA2E1FF0015D31E /* AppDelegate.m in Sources */,
				9667FA681FA3256A00B0617E /* GLKitHelper.m in Sources */,
				9667FA691FA3256A00B0617E /* GLKitView.m in Sources */,
				9667FA641FA3256A00B0617E /* BaseRenderer.m in Sources */,
				9667FA651FA3256A00B0617E /* BrushRenderer.m in Sources */,
			);
			runOnlyForDeploymentPostprocessing = 0;
		};
/* End PBXSourcesBuildPhase section */

/* Begin PBXVariantGroup section */
		965613E81FA2E1FF0015D31E /* Main.storyboard */ = {
			isa = PBXVariantGroup;
			children = (
				965613E91FA2E1FF0015D31E /* Base */,
			);
			name = Main.storyboard;
			sourceTree = "<group>";
		};
		965613ED1FA2E1FF0015D31E /* LaunchScreen.storyboard */ = {
			isa = PBXVariantGroup;
			children = (
				965613EE1FA2E1FF0015D31E /* Base */,
			);
			name = LaunchScreen.storyboard;
			sourceTree = "<group>";
		};
/* End PBXVariantGroup section */

/* Begin XCBuildConfiguration section */
		965613F31FA2E1FF0015D31E /* Debug */ = {
			isa = XCBuildConfiguration;
			buildSettings = {
				ALWAYS_SEARCH_USER_PATHS = NO;
				CLANG_ANALYZER_NONNULL = YES;
				CLANG_ANALYZER_NUMBER_OBJECT_CONVERSION = YES_AGGRESSIVE;
				CLANG_CXX_LANGUAGE_STANDARD = "gnu++14";
				CLANG_CXX_LIBRARY = "libc++";
				CLANG_ENABLE_MODULES = YES;
				CLANG_ENABLE_OBJC_ARC = YES;
				CLANG_WARN_BLOCK_CAPTURE_AUTORELEASING = YES;
				CLANG_WARN_BOOL_CONVERSION = YES;
				CLANG_WARN_COMMA = YES;
				CLANG_WARN_CONSTANT_CONVERSION = YES;
				CLANG_WARN_DIRECT_OBJC_ISA_USAGE = YES_ERROR;
				CLANG_WARN_DOCUMENTATION_COMMENTS = YES;
				CLANG_WARN_EMPTY_BODY = YES;
				CLANG_WARN_ENUM_CONVERSION = YES;
				CLANG_WARN_INFINITE_RECURSION = YES;
				CLANG_WARN_INT_CONVERSION = YES;
				CLANG_WARN_NON_LITERAL_NULL_CONVERSION = YES;
				CLANG_WARN_OBJC_LITERAL_CONVERSION = YES;
				CLANG_WARN_OBJC_ROOT_CLASS = YES_ERROR;
				CLANG_WARN_RANGE_LOOP_ANALYSIS = YES;
				CLANG_WARN_STRICT_PROTOTYPES = YES;
				CLANG_WARN_SUSPICIOUS_MOVE = YES;
				CLANG_WARN_UNGUARDED_AVAILABILITY = YES_AGGRESSIVE;
				CLANG_WARN_UNREACHABLE_CODE = YES;
				CLANG_WARN__DUPLICATE_METHOD_MATCH = YES;
				CODE_SIGN_IDENTITY = "iPhone Developer";
				COPY_PHASE_STRIP = NO;
				DEBUG_INFORMATION_FORMAT = dwarf;
				ENABLE_STRICT_OBJC_MSGSEND = YES;
				ENABLE_TESTABILITY = YES;
				GCC_C_LANGUAGE_STANDARD = gnu11;
				GCC_DYNAMIC_NO_PIC = NO;
				GCC_NO_COMMON_BLOCKS = YES;
				GCC_OPTIMIZATION_LEVEL = 0;
				GCC_PREPROCESSOR_DEFINITIONS = (
					"DEBUG=1",
					"$(inherited)",
				);
				GCC_WARN_64_TO_32_BIT_CONVERSION = YES;
				GCC_WARN_ABOUT_RETURN_TYPE = YES_ERROR;
				GCC_WARN_UNDECLARED_SELECTOR = YES;
				GCC_WARN_UNINITIALIZED_AUTOS = YES_AGGRESSIVE;
				GCC_WARN_UNUSED_FUNCTION = YES;
				GCC_WARN_UNUSED_VARIABLE = YES;
				IPHONEOS_DEPLOYMENT_TARGET = 11.0;
				MTL_ENABLE_DEBUG_INFO = YES;
				ONLY_ACTIVE_ARCH = YES;
				SDKROOT = iphoneos;
			};
			name = Debug;
		};
		965613F41FA2E1FF0015D31E /* Release */ = {
			isa = XCBuildConfiguration;
			buildSettings = {
				ALWAYS_SEARCH_USER_PATHS = NO;
				CLANG_ANALYZER_NONNULL = YES;
				CLANG_ANALYZER_NUMBER_OBJECT_CONVERSION = YES_AGGRESSIVE;
				CLANG_CXX_LANGUAGE_STANDARD = "gnu++14";
				CLANG_CXX_LIBRARY = "libc++";
				CLANG_ENABLE_MODULES = YES;
				CLANG_ENABLE_OBJC_ARC = YES;
				CLANG_WARN_BLOCK_CAPTURE_AUTORELEASING = YES;
				CLANG_WARN_BOOL_CONVERSION = YES;
				CLANG_WARN_COMMA = YES;
				CLANG_WARN_CONSTANT_CONVERSION = YES;
				CLANG_WARN_DIRECT_OBJC_ISA_USAGE = YES_ERROR;
				CLANG_WARN_DOCUMENTATION_COMMENTS = YES;
				CLANG_WARN_EMPTY_BODY = YES;
				CLANG_WARN_ENUM_CONVERSION = YES;
				CLANG_WARN_INFINITE_RECURSION = YES;
				CLANG_WARN_INT_CONVERSION = YES;
				CLANG_WARN_NON_LITERAL_NULL_CONVERSION = YES;
				CLANG_WARN_OBJC_LITERAL_CONVERSION = YES;
				CLANG_WARN_OBJC_ROOT_CLASS = YES_ERROR;
				CLANG_WARN_RANGE_LOOP_ANALYSIS = YES;
				CLANG_WARN_STRICT_PROTOTYPES = YES;
				CLANG_WARN_SUSPICIOUS_MOVE = YES;
				CLANG_WARN_UNGUARDED_AVAILABILITY = YES_AGGRESSIVE;
				CLANG_WARN_UNREACHABLE_CODE = YES;
				CLANG_WARN__DUPLICATE_METHOD_MATCH = YES;
				CODE_SIGN_IDENTITY = "iPhone Developer";
				COPY_PHASE_STRIP = NO;
				DEBUG_INFORMATION_FORMAT = "dwarf-with-dsym";
				ENABLE_NS_ASSERTIONS = NO;
				ENABLE_STRICT_OBJC_MSGSEND = YES;
				GCC_C_LANGUAGE_STANDARD = gnu11;
				GCC_NO_COMMON_BLOCKS = YES;
				GCC_WARN_64_TO_32_BIT_CONVERSION = YES;
				GCC_WARN_ABOUT_RETURN_TYPE = YES_ERROR;
				GCC_WARN_UNDECLARED_SELECTOR = YES;
				GCC_WARN_UNINITIALIZED_AUTOS = YES_AGGRESSIVE;
				GCC_WARN_UNUSED_FUNCTION = YES;
				GCC_WARN_UNUSED_VARIABLE = YES;
				IPHONEOS_DEPLOYMENT_TARGET = 11.0;
				MTL_ENABLE_DEBUG_INFO = NO;
				SDKROOT = iphoneos;
				VALIDATE_PRODUCT = YES;
			};
			name = Release;
		};
		965613F61FA2E1FF0015D31E /* Debug */ = {
			isa = XCBuildConfiguration;
			buildSettings = {
				ASSETCATALOG_COMPILER_APPICON_NAME = AppIcon;
				CODE_SIGN_STYLE = Automatic;
				DEVELOPMENT_TEAM = 7ALNVH3M87;
				INFOPLIST_FILE = WordArtProject/Info.plist;
				LD_RUNPATH_SEARCH_PATHS = "$(inherited) @executable_path/Frameworks";
				PRODUCT_BUNDLE_IDENTIFIER = nd.WordArtProject;
				PRODUCT_NAME = "$(TARGET_NAME)";
				TARGETED_DEVICE_FAMILY = "1,2";
			};
			name = Debug;
		};
		965613F71FA2E1FF0015D31E /* Release */ = {
			isa = XCBuildConfiguration;
			buildSettings = {
				ASSETCATALOG_COMPILER_APPICON_NAME = AppIcon;
				CODE_SIGN_STYLE = Automatic;
				DEVELOPMENT_TEAM = 7ALNVH3M87;
				INFOPLIST_FILE = WordArtProject/Info.plist;
				LD_RUNPATH_SEARCH_PATHS = "$(inherited) @executable_path/Frameworks";
				PRODUCT_BUNDLE_IDENTIFIER = nd.WordArtProject;
				PRODUCT_NAME = "$(TARGET_NAME)";
				TARGETED_DEVICE_FAMILY = "1,2";
			};
			name = Release;
		};
/* End XCBuildConfiguration section */

/* Begin XCConfigurationList section */
		965613DA1FA2E1FF0015D31E /* Build configuration list for PBXProject "WordArtProject" */ = {
			isa = XCConfigurationList;
			buildConfigurations = (
				965613F31FA2E1FF0015D31E /* Debug */,
				965613F41FA2E1FF0015D31E /* Release */,
			);
			defaultConfigurationIsVisible = 0;
			defaultConfigurationName = Release;
		};
		965613F51FA2E1FF0015D31E /* Build configuration list for PBXNativeTarget "WordArtProject" */ = {
			isa = XCConfigurationList;
			buildConfigurations = (
				965613F61FA2E1FF0015D31E /* Debug */,
				965613F71FA2E1FF0015D31E /* Release */,
			);
			defaultConfigurationIsVisible = 0;
			defaultConfigurationName = Release;
		};
/* End XCConfigurationList section */
	};
	rootObject = 965613D71FA2E1FF0015D31E /* Project object */;
}
